
Microsoft Visual Studio Solution File, Format Version 12.00
# Visual Studio Version 17
VisualStudioVersion = 17.2.32505.173
MinimumVisualStudioVersion = 10.0.40219.1
Project("{9A19103F-16F7-4668-BE54-9A1E7A4F7556}") = "CentOps.Api", "CentOps.Api\CentOps.Api.csproj", "{F9251B86-036D-4D5E-91F5-81E8D1FB6F25}"
EndProject
Project("{9A19103F-16F7-4668-BE54-9A1E7A4F7556}") = "CentOps.UnitTests", "CentOps.UnitTests\CentOps.UnitTests.csproj", "{4883EE8B-B8BB-4BBA-83D7-4E0476FB03C5}"
EndProject
Project("{9A19103F-16F7-4668-BE54-9A1E7A4F7556}") = "CentOps.Api.Authentication", "CentOps.Api.Authentication\CentOps.Api.Authentication.csproj", "{66E6087C-1C6A-4CE7-AD91-AED85C873549}"
EndProject
Global
	GlobalSection(SolutionConfigurationPlatforms) = preSolution
		Debug|Any CPU = Debug|Any CPU
		Release|Any CPU = Release|Any CPU
	EndGlobalSection
	GlobalSection(ProjectConfigurationPlatforms) = postSolution
		{F9251B86-036D-4D5E-91F5-81E8D1FB6F25}.Debug|Any CPU.ActiveCfg = Debug|Any CPU
		{F9251B86-036D-4D5E-91F5-81E8D1FB6F25}.Debug|Any CPU.Build.0 = Debug|Any CPU
		{F9251B86-036D-4D5E-91F5-81E8D1FB6F25}.Release|Any CPU.ActiveCfg = Release|Any CPU
		{F9251B86-036D-4D5E-91F5-81E8D1FB6F25}.Release|Any CPU.Build.0 = Release|Any CPU
		{4883EE8B-B8BB-4BBA-83D7-4E0476FB03C5}.Debug|Any CPU.ActiveCfg = Debug|Any CPU
		{4883EE8B-B8BB-4BBA-83D7-4E0476FB03C5}.Debug|Any CPU.Build.0 = Debug|Any CPU
		{4883EE8B-B8BB-4BBA-83D7-4E0476FB03C5}.Release|Any CPU.ActiveCfg = Release|Any CPU
		{4883EE8B-B8BB-4BBA-83D7-4E0476FB03C5}.Release|Any CPU.Build.0 = Release|Any CPU
		{66E6087C-1C6A-4CE7-AD91-AED85C873549}.Debug|Any CPU.ActiveCfg = Debug|Any CPU
		{66E6087C-1C6A-4CE7-AD91-AED85C873549}.Debug|Any CPU.Build.0 = Debug|Any CPU
		{66E6087C-1C6A-4CE7-AD91-AED85C873549}.Release|Any CPU.ActiveCfg = Release|Any CPU
		{66E6087C-1C6A-4CE7-AD91-AED85C873549}.Release|Any CPU.Build.0 = Release|Any CPU
	EndGlobalSection
	GlobalSection(SolutionProperties) = preSolution
		HideSolutionNode = FALSE
	EndGlobalSection
	GlobalSection(ExtensibilityGlobals) = postSolution
		SolutionGuid = {3BD70825-4101-4E1E-A6F8-2938599D29B2}
	EndGlobalSection
EndGlobal
